
Microsoft Visual Studio Solution File, Format Version 11.00
# Visual Studio 2010
# SharpDevelop 4.2.1.8805
Project("{FAE04EC0-301F-11D3-BF4B-00C04F79EFBC}") = "EA2DB", "EA2DB\EA2DB.csproj", "{717203FD-2CAD-4D38-ADE8-99EBDAF3AFAE}"
EndProject
Global
	GlobalSection(SolutionConfigurationPlatforms) = preSolution
		Debug|x86 = Debug|x86
		Release|x86 = Release|x86
	EndGlobalSection
	GlobalSection(ProjectConfigurationPlatforms) = postSolution
		{717203FD-2CAD-4D38-ADE8-99EBDAF3AFAE}.Debug|x86.Build.0 = Debug|x86
		{717203FD-2CAD-4D38-ADE8-99EBDAF3AFAE}.Debug|x86.ActiveCfg = Debug|x86
		{717203FD-2CAD-4D38-ADE8-99EBDAF3AFAE}.Release|x86.Build.0 = Release|x86
		{717203FD-2CAD-4D38-ADE8-99EBDAF3AFAE}.Release|x86.ActiveCfg = Release|x86
	EndGlobalSection
EndGlobal
